// !$*UTF8*$!
{
	archiveVersion = 1;
	classes = {
	};
	objectVersion = 56;
	objects = {

/* Begin PBXBuildFile section */
		970EE90F2AC33D0700E23BA2 /* FirebaseAnalytics in Frameworks */ = {isa = PBXBuildFile; productRef = 970EE90E2AC33D0700E23BA2 /* FirebaseAnalytics */; };
		970EE9132AC33D0700E23BA2 /* FirebaseAnalyticsSwift in Frameworks */ = {isa = PBXBuildFile; productRef = 970EE9122AC33D0700E23BA2 /* FirebaseAnalyticsSwift */; };
		970EE91B2AC33D0700E23BA2 /* FirebaseAuth in Frameworks */ = {isa = PBXBuildFile; productRef = 970EE91A2AC33D0700E23BA2 /* FirebaseAuth */; };
		970EE9272AC33D0700E23BA2 /* FirebaseFirestore in Frameworks */ = {isa = PBXBuildFile; productRef = 970EE9262AC33D0700E23BA2 /* FirebaseFirestore */; };
		970EE92B2AC33D0700E23BA2 /* FirebaseFirestoreSwift in Frameworks */ = {isa = PBXBuildFile; productRef = 970EE92A2AC33D0700E23BA2 /* FirebaseFirestoreSwift */; };
		970EE9462AC33DB800E23BA2 /* GoogleSignIn in Frameworks */ = {isa = PBXBuildFile; productRef = 970EE9452AC33DB800E23BA2 /* GoogleSignIn */; };
		970EE9482AC33DB800E23BA2 /* GoogleSignInSwift in Frameworks */ = {isa = PBXBuildFile; productRef = 970EE9472AC33DB800E23BA2 /* GoogleSignInSwift */; };
		970EE94B2AC3419000E23BA2 /* GoogleService-Info.plist in Resources */ = {isa = PBXBuildFile; fileRef = 970EE94A2AC3419000E23BA2 /* GoogleService-Info.plist */; };
		970EE94F2AC3435900E23BA2 /* SignInWithGoogleHelper.swift in Sources */ = {isa = PBXBuildFile; fileRef = 970EE94D2AC3435800E23BA2 /* SignInWithGoogleHelper.swift */; };
		970EE9502AC3435900E23BA2 /* AuthenticationManager.swift in Sources */ = {isa = PBXBuildFile; fileRef = 970EE94E2AC3435900E23BA2 /* AuthenticationManager.swift */; };
		970EE9522AC3438400E23BA2 /* Utilities.swift in Sources */ = {isa = PBXBuildFile; fileRef = 970EE9512AC3438400E23BA2 /* Utilities.swift */; };
		970EE95C2AC3453200E23BA2 /* SignInEmailViewModel.swift in Sources */ = {isa = PBXBuildFile; fileRef = 970EE9582AC3453200E23BA2 /* SignInEmailViewModel.swift */; };
		970EE95D2AC3453200E23BA2 /* SignUpEmailView.swift in Sources */ = {isa = PBXBuildFile; fileRef = 970EE9592AC3453200E23BA2 /* SignUpEmailView.swift */; };
		970EE95E2AC3453200E23BA2 /* SignUpEmailViewModel.swift in Sources */ = {isa = PBXBuildFile; fileRef = 970EE95A2AC3453200E23BA2 /* SignUpEmailViewModel.swift */; };
		970EE9612AC3464800E23BA2 /* AuthenticationViewModel.swift in Sources */ = {isa = PBXBuildFile; fileRef = 970EE95F2AC3464700E23BA2 /* AuthenticationViewModel.swift */; };
		970EE9622AC3464800E23BA2 /* SettingsViewModel.swift in Sources */ = {isa = PBXBuildFile; fileRef = 970EE9602AC3464800E23BA2 /* SettingsViewModel.swift */; };
		970EE9642AC3467A00E23BA2 /* UserManager.swift in Sources */ = {isa = PBXBuildFile; fileRef = 970EE9632AC3467A00E23BA2 /* UserManager.swift */; };
		9718E6832AB75D81004A213C /* CustomChatChannelModifier.swift in Sources */ = {isa = PBXBuildFile; fileRef = 9718E6822AB75D81004A213C /* CustomChatChannelModifier.swift */; };
		973382EC2A8FAD9D003172E7 /* CustomChatChannelHeader.swift in Sources */ = {isa = PBXBuildFile; fileRef = 973382EB2A8FAD9C003172E7 /* CustomChatChannelHeader.swift */; };
		973382F02A8FD130003172E7 /* BackButtonDisplay.swift in Sources */ = {isa = PBXBuildFile; fileRef = 973382EF2A8FD130003172E7 /* BackButtonDisplay.swift */; };
		973382F42A8FE216003172E7 /* CircleImageModifier.swift in Sources */ = {isa = PBXBuildFile; fileRef = 973382F32A8FE216003172E7 /* CircleImageModifier.swift */; };
		973382F62A901353003172E7 /* MessageListConfig.swift in Sources */ = {isa = PBXBuildFile; fileRef = 973382F52A901353003172E7 /* MessageListConfig.swift */; };
		973382F82A90F24A003172E7 /* SearchUsersView.swift in Sources */ = {isa = PBXBuildFile; fileRef = 973382F72A90F249003172E7 /* SearchUsersView.swift */; };
		973382FA2A9124EC003172E7 /* LastSeenMethod.swift in Sources */ = {isa = PBXBuildFile; fileRef = 973382F92A9124EC003172E7 /* LastSeenMethod.swift */; };
		977FAA602A9FB7FD0003059C /* NewGroupListView.swift in Sources */ = {isa = PBXBuildFile; fileRef = 977FAA5F2A9FB7FD0003059C /* NewGroupListView.swift */; };
		977FAA622AA1005C0003059C /* CustomComposerBackground.swift in Sources */ = {isa = PBXBuildFile; fileRef = 977FAA612AA1005C0003059C /* CustomComposerBackground.swift */; };
		978114982A8A8F0700394DB7 /* iChatApp.swift in Sources */ = {isa = PBXBuildFile; fileRef = 978114972A8A8F0700394DB7 /* iChatApp.swift */; };
		9781149A2A8A8F0700394DB7 /* ContentView.swift in Sources */ = {isa = PBXBuildFile; fileRef = 978114992A8A8F0700394DB7 /* ContentView.swift */; };
		9781149C2A8A8F0A00394DB7 /* Assets.xcassets in Resources */ = {isa = PBXBuildFile; fileRef = 9781149B2A8A8F0A00394DB7 /* Assets.xcassets */; };
		9781149F2A8A8F0A00394DB7 /* Preview Assets.xcassets in Resources */ = {isa = PBXBuildFile; fileRef = 9781149E2A8A8F0A00394DB7 /* Preview Assets.xcassets */; };
		978114AB2A8A8FB000394DB7 /* StreamChatSwiftUI in Frameworks */ = {isa = PBXBuildFile; productRef = 978114AA2A8A8FB000394DB7 /* StreamChatSwiftUI */; };
		978114B12A8A8FDC00394DB7 /* CustomViewFactory.swift in Sources */ = {isa = PBXBuildFile; fileRef = 978114AC2A8A8FDC00394DB7 /* CustomViewFactory.swift */; };
		978114B22A8A8FDC00394DB7 /* Color-Theme.swift in Sources */ = {isa = PBXBuildFile; fileRef = 978114AD2A8A8FDC00394DB7 /* Color-Theme.swift */; };
		978114B32A8A8FDC00394DB7 /* UIDesignHelperFunctions.swift in Sources */ = {isa = PBXBuildFile; fileRef = 978114AE2A8A8FDC00394DB7 /* UIDesignHelperFunctions.swift */; };
		978114B52A8A8FDC00394DB7 /* Credentials.swift in Sources */ = {isa = PBXBuildFile; fileRef = 978114B02A8A8FDC00394DB7 /* Credentials.swift */; };
		978114B92A8A901800394DB7 /* ProfileView.swift in Sources */ = {isa = PBXBuildFile; fileRef = 978114B62A8A901800394DB7 /* ProfileView.swift */; };
		978114BA2A8A901800394DB7 /* RootView.swift in Sources */ = {isa = PBXBuildFile; fileRef = 978114B72A8A901800394DB7 /* RootView.swift */; };
		978114BB2A8A901800394DB7 /* LoginView.swift in Sources */ = {isa = PBXBuildFile; fileRef = 978114B82A8A901800394DB7 /* LoginView.swift */; };
		978114BD2A8A903D00394DB7 /* StreamViewModel.swift in Sources */ = {isa = PBXBuildFile; fileRef = 978114BC2A8A903D00394DB7 /* StreamViewModel.swift */; };
		978114C52A8A90B400394DB7 /* SearchBar.swift in Sources */ = {isa = PBXBuildFile; fileRef = 978114C02A8A90B400394DB7 /* SearchBar.swift */; };
		978114C62A8A90B400394DB7 /* CustomChannelHeader.swift in Sources */ = {isa = PBXBuildFile; fileRef = 978114C12A8A90B400394DB7 /* CustomChannelHeader.swift */; };
		978114C72A8A90B400394DB7 /* LoadingScreen.swift in Sources */ = {isa = PBXBuildFile; fileRef = 978114C22A8A90B400394DB7 /* LoadingScreen.swift */; };
		978114C82A8A90B400394DB7 /* ChannelListHeaderModifier.swift in Sources */ = {isa = PBXBuildFile; fileRef = 978114C32A8A90B400394DB7 /* ChannelListHeaderModifier.swift */; };
		978114CA2A8A931100394DB7 /* AppDelegate.swift in Sources */ = {isa = PBXBuildFile; fileRef = 978114C92A8A931100394DB7 /* AppDelegate.swift */; };
		978114F72A8CD54F00394DB7 /* NoChannelsYet.swift in Sources */ = {isa = PBXBuildFile; fileRef = 978114F62A8CD54F00394DB7 /* NoChannelsYet.swift */; };
		978114F92A8CD75900394DB7 /* BackgroundView.swift in Sources */ = {isa = PBXBuildFile; fileRef = 978114F82A8CD75900394DB7 /* BackgroundView.swift */; };
		978114FB2A8CD92F00394DB7 /* CustomListRowSeparator.swift in Sources */ = {isa = PBXBuildFile; fileRef = 978114FA2A8CD92F00394DB7 /* CustomListRowSeparator.swift */; };
		978114FD2A8CDDD900394DB7 /* UserOnlineView.swift in Sources */ = {isa = PBXBuildFile; fileRef = 978114FC2A8CDDD900394DB7 /* UserOnlineView.swift */; };
		978114FF2A8CE0C500394DB7 /* VerticalPaddingViewModifier.swift in Sources */ = {isa = PBXBuildFile; fileRef = 978114FE2A8CE0C500394DB7 /* VerticalPaddingViewModifier.swift */; };
		978115052A8CE4FB00394DB7 /* EmptyPageView.swift in Sources */ = {isa = PBXBuildFile; fileRef = 978115042A8CE4FB00394DB7 /* EmptyPageView.swift */; };
		97B71CA32AB9CE68009C0FA4 /* SideMenuProfileView.swift in Sources */ = {isa = PBXBuildFile; fileRef = 97B71CA22AB9CE68009C0FA4 /* SideMenuProfileView.swift */; };
		97C0D8D12A99118200580BEB /* ChatChannelsListView.swift in Sources */ = {isa = PBXBuildFile; fileRef = 97C0D8D02A99118200580BEB /* ChatChannelsListView.swift */; };
		97C0D8D32A9B4CDB00580BEB /* SearchResultsView.swift in Sources */ = {isa = PBXBuildFile; fileRef = 97C0D8D22A9B4CDB00580BEB /* SearchResultsView.swift */; };
		97C0D8D52A9BA4E400580BEB /* DirectChatChannelView.swift in Sources */ = {isa = PBXBuildFile; fileRef = 97C0D8D42A9BA4E400580BEB /* DirectChatChannelView.swift */; };
		97C0D8D92A9D337600580BEB /* CreateNewGroup.swift in Sources */ = {isa = PBXBuildFile; fileRef = 97C0D8D82A9D337600580BEB /* CreateNewGroup.swift */; };
		97C5D8652AB6427B002F6B8C /* Test.swift in Sources */ = {isa = PBXBuildFile; fileRef = 97C5D8642AB6427B002F6B8C /* Test.swift */; };
		97E4600C2AAFAFED00B02EF9 /* ImagePicker.swift in Sources */ = {isa = PBXBuildFile; fileRef = 97E4600B2AAFAFED00B02EF9 /* ImagePicker.swift */; };
		97E4600E2AB093C800B02EF9 /* FileManager-DocumentsDirectory.swift in Sources */ = {isa = PBXBuildFile; fileRef = 97E4600D2AB093C800B02EF9 /* FileManager-DocumentsDirectory.swift */; };
		97EF649B2AD4079F00E739B0 /* User.swift in Sources */ = {isa = PBXBuildFile; fileRef = 97EF649A2AD4079F00E739B0 /* User.swift */; };
		97EF649D2AD4081E00E739B0 /* GoogleSignInResult.swift in Sources */ = {isa = PBXBuildFile; fileRef = 97EF649C2AD4081E00E739B0 /* GoogleSignInResult.swift */; };
		97EF64A12AD40A2800E739B0 /* AuthDataResultModel.swift in Sources */ = {isa = PBXBuildFile; fileRef = 97EF64A02AD40A2800E739B0 /* AuthDataResultModel.swift */; };
		97EF64A32AD40A6400E739B0 /* AuthProviderOption.swift in Sources */ = {isa = PBXBuildFile; fileRef = 97EF64A22AD40A6400E739B0 /* AuthProviderOption.swift */; };
		97EF64A52AD40B1C00E739B0 /* ForgotPasswordView.swift in Sources */ = {isa = PBXBuildFile; fileRef = 97EF64A42AD40B1C00E739B0 /* ForgotPasswordView.swift */; };
		97EF64A72AD40BBD00E739B0 /* LoginBackground.swift in Sources */ = {isa = PBXBuildFile; fileRef = 97EF64A62AD40BBD00E739B0 /* LoginBackground.swift */; };
		97EF64A92AD4309800E739B0 /* CreateNewGroupHeader.swift in Sources */ = {isa = PBXBuildFile; fileRef = 97EF64A82AD4309800E739B0 /* CreateNewGroupHeader.swift */; };
/* End PBXBuildFile section */

/* Begin PBXFileReference section */
		970EE94A2AC3419000E23BA2 /* GoogleService-Info.plist */ = {isa = PBXFileReference; fileEncoding = 4; lastKnownFileType = text.plist.xml; path = "GoogleService-Info.plist"; sourceTree = "<group>"; };
		970EE94C2AC341F200E23BA2 /* Info.plist */ = {isa = PBXFileReference; lastKnownFileType = text.plist; path = Info.plist; sourceTree = "<group>"; };
		970EE94D2AC3435800E23BA2 /* SignInWithGoogleHelper.swift */ = {isa = PBXFileReference; fileEncoding = 4; lastKnownFileType = sourcecode.swift; path = SignInWithGoogleHelper.swift; sourceTree = "<group>"; };
		970EE94E2AC3435900E23BA2 /* AuthenticationManager.swift */ = {isa = PBXFileReference; fileEncoding = 4; lastKnownFileType = sourcecode.swift; path = AuthenticationManager.swift; sourceTree = "<group>"; };
		970EE9512AC3438400E23BA2 /* Utilities.swift */ = {isa = PBXFileReference; fileEncoding = 4; lastKnownFileType = sourcecode.swift; path = Utilities.swift; sourceTree = "<group>"; };
		970EE9582AC3453200E23BA2 /* SignInEmailViewModel.swift */ = {isa = PBXFileReference; fileEncoding = 4; lastKnownFileType = sourcecode.swift; path = SignInEmailViewModel.swift; sourceTree = "<group>"; };
		970EE9592AC3453200E23BA2 /* SignUpEmailView.swift */ = {isa = PBXFileReference; fileEncoding = 4; lastKnownFileType = sourcecode.swift; path = SignUpEmailView.swift; sourceTree = "<group>"; };
		970EE95A2AC3453200E23BA2 /* SignUpEmailViewModel.swift */ = {isa = PBXFileReference; fileEncoding = 4; lastKnownFileType = sourcecode.swift; path = SignUpEmailViewModel.swift; sourceTree = "<group>"; };
		970EE95F2AC3464700E23BA2 /* AuthenticationViewModel.swift */ = {isa = PBXFileReference; fileEncoding = 4; lastKnownFileType = sourcecode.swift; path = AuthenticationViewModel.swift; sourceTree = "<group>"; };
		970EE9602AC3464800E23BA2 /* SettingsViewModel.swift */ = {isa = PBXFileReference; fileEncoding = 4; lastKnownFileType = sourcecode.swift; path = SettingsViewModel.swift; sourceTree = "<group>"; };
		970EE9632AC3467A00E23BA2 /* UserManager.swift */ = {isa = PBXFileReference; fileEncoding = 4; lastKnownFileType = sourcecode.swift; path = UserManager.swift; sourceTree = "<group>"; };
		9718E6822AB75D81004A213C /* CustomChatChannelModifier.swift */ = {isa = PBXFileReference; lastKnownFileType = sourcecode.swift; path = CustomChatChannelModifier.swift; sourceTree = "<group>"; };
		973382EB2A8FAD9C003172E7 /* CustomChatChannelHeader.swift */ = {isa = PBXFileReference; lastKnownFileType = sourcecode.swift; path = CustomChatChannelHeader.swift; sourceTree = "<group>"; };
		973382EF2A8FD130003172E7 /* BackButtonDisplay.swift */ = {isa = PBXFileReference; lastKnownFileType = sourcecode.swift; path = BackButtonDisplay.swift; sourceTree = "<group>"; };
		973382F32A8FE216003172E7 /* CircleImageModifier.swift */ = {isa = PBXFileReference; lastKnownFileType = sourcecode.swift; path = CircleImageModifier.swift; sourceTree = "<group>"; };
		973382F52A901353003172E7 /* MessageListConfig.swift */ = {isa = PBXFileReference; lastKnownFileType = sourcecode.swift; path = MessageListConfig.swift; sourceTree = "<group>"; };
		973382F72A90F249003172E7 /* SearchUsersView.swift */ = {isa = PBXFileReference; lastKnownFileType = sourcecode.swift; path = SearchUsersView.swift; sourceTree = "<group>"; };
		973382F92A9124EC003172E7 /* LastSeenMethod.swift */ = {isa = PBXFileReference; lastKnownFileType = sourcecode.swift; path = LastSeenMethod.swift; sourceTree = "<group>"; };
		977FAA5F2A9FB7FD0003059C /* NewGroupListView.swift */ = {isa = PBXFileReference; lastKnownFileType = sourcecode.swift; path = NewGroupListView.swift; sourceTree = "<group>"; };
		977FAA612AA1005C0003059C /* CustomComposerBackground.swift */ = {isa = PBXFileReference; lastKnownFileType = sourcecode.swift; path = CustomComposerBackground.swift; sourceTree = "<group>"; };
		978114942A8A8F0700394DB7 /* iChat.app */ = {isa = PBXFileReference; explicitFileType = wrapper.application; includeInIndex = 0; path = iChat.app; sourceTree = BUILT_PRODUCTS_DIR; };
		978114972A8A8F0700394DB7 /* iChatApp.swift */ = {isa = PBXFileReference; lastKnownFileType = sourcecode.swift; path = iChatApp.swift; sourceTree = "<group>"; };
		978114992A8A8F0700394DB7 /* ContentView.swift */ = {isa = PBXFileReference; lastKnownFileType = sourcecode.swift; path = ContentView.swift; sourceTree = "<group>"; };
		9781149B2A8A8F0A00394DB7 /* Assets.xcassets */ = {isa = PBXFileReference; lastKnownFileType = folder.assetcatalog; path = Assets.xcassets; sourceTree = "<group>"; };
		9781149E2A8A8F0A00394DB7 /* Preview Assets.xcassets */ = {isa = PBXFileReference; lastKnownFileType = folder.assetcatalog; path = "Preview Assets.xcassets"; sourceTree = "<group>"; };
		978114AC2A8A8FDC00394DB7 /* CustomViewFactory.swift */ = {isa = PBXFileReference; fileEncoding = 4; lastKnownFileType = sourcecode.swift; path = CustomViewFactory.swift; sourceTree = "<group>"; };
		978114AD2A8A8FDC00394DB7 /* Color-Theme.swift */ = {isa = PBXFileReference; fileEncoding = 4; lastKnownFileType = sourcecode.swift; path = "Color-Theme.swift"; sourceTree = "<group>"; };
		978114AE2A8A8FDC00394DB7 /* UIDesignHelperFunctions.swift */ = {isa = PBXFileReference; fileEncoding = 4; lastKnownFileType = sourcecode.swift; path = UIDesignHelperFunctions.swift; sourceTree = "<group>"; };
		978114B02A8A8FDC00394DB7 /* Credentials.swift */ = {isa = PBXFileReference; fileEncoding = 4; lastKnownFileType = sourcecode.swift; path = Credentials.swift; sourceTree = "<group>"; };
		978114B62A8A901800394DB7 /* ProfileView.swift */ = {isa = PBXFileReference; fileEncoding = 4; lastKnownFileType = sourcecode.swift; path = ProfileView.swift; sourceTree = "<group>"; };
		978114B72A8A901800394DB7 /* RootView.swift */ = {isa = PBXFileReference; fileEncoding = 4; lastKnownFileType = sourcecode.swift; path = RootView.swift; sourceTree = "<group>"; };
		978114B82A8A901800394DB7 /* LoginView.swift */ = {isa = PBXFileReference; fileEncoding = 4; lastKnownFileType = sourcecode.swift; path = LoginView.swift; sourceTree = "<group>"; };
		978114BC2A8A903D00394DB7 /* StreamViewModel.swift */ = {isa = PBXFileReference; fileEncoding = 4; lastKnownFileType = sourcecode.swift; path = StreamViewModel.swift; sourceTree = "<group>"; };
		978114C02A8A90B400394DB7 /* SearchBar.swift */ = {isa = PBXFileReference; fileEncoding = 4; lastKnownFileType = sourcecode.swift; path = SearchBar.swift; sourceTree = "<group>"; };
		978114C12A8A90B400394DB7 /* CustomChannelHeader.swift */ = {isa = PBXFileReference; fileEncoding = 4; lastKnownFileType = sourcecode.swift; path = CustomChannelHeader.swift; sourceTree = "<group>"; };
		978114C22A8A90B400394DB7 /* LoadingScreen.swift */ = {isa = PBXFileReference; fileEncoding = 4; lastKnownFileType = sourcecode.swift; path = LoadingScreen.swift; sourceTree = "<group>"; };
		978114C32A8A90B400394DB7 /* ChannelListHeaderModifier.swift */ = {isa = PBXFileReference; fileEncoding = 4; lastKnownFileType = sourcecode.swift; path = ChannelListHeaderModifier.swift; sourceTree = "<group>"; };
		978114C92A8A931100394DB7 /* AppDelegate.swift */ = {isa = PBXFileReference; lastKnownFileType = sourcecode.swift; path = AppDelegate.swift; sourceTree = "<group>"; };
		978114F62A8CD54F00394DB7 /* NoChannelsYet.swift */ = {isa = PBXFileReference; lastKnownFileType = sourcecode.swift; path = NoChannelsYet.swift; sourceTree = "<group>"; };
		978114F82A8CD75900394DB7 /* BackgroundView.swift */ = {isa = PBXFileReference; lastKnownFileType = sourcecode.swift; path = BackgroundView.swift; sourceTree = "<group>"; };
		978114FA2A8CD92F00394DB7 /* CustomListRowSeparator.swift */ = {isa = PBXFileReference; lastKnownFileType = sourcecode.swift; path = CustomListRowSeparator.swift; sourceTree = "<group>"; };
		978114FC2A8CDDD900394DB7 /* UserOnlineView.swift */ = {isa = PBXFileReference; lastKnownFileType = sourcecode.swift; path = UserOnlineView.swift; sourceTree = "<group>"; };
		978114FE2A8CE0C500394DB7 /* VerticalPaddingViewModifier.swift */ = {isa = PBXFileReference; lastKnownFileType = sourcecode.swift; path = VerticalPaddingViewModifier.swift; sourceTree = "<group>"; };
		978115042A8CE4FB00394DB7 /* EmptyPageView.swift */ = {isa = PBXFileReference; lastKnownFileType = sourcecode.swift; path = EmptyPageView.swift; sourceTree = "<group>"; };
		97B71CA22AB9CE68009C0FA4 /* SideMenuProfileView.swift */ = {isa = PBXFileReference; lastKnownFileType = sourcecode.swift; path = SideMenuProfileView.swift; sourceTree = "<group>"; };
		97C0D8D02A99118200580BEB /* ChatChannelsListView.swift */ = {isa = PBXFileReference; lastKnownFileType = sourcecode.swift; path = ChatChannelsListView.swift; sourceTree = "<group>"; };
		97C0D8D22A9B4CDB00580BEB /* SearchResultsView.swift */ = {isa = PBXFileReference; lastKnownFileType = sourcecode.swift; path = SearchResultsView.swift; sourceTree = "<group>"; };
		97C0D8D42A9BA4E400580BEB /* DirectChatChannelView.swift */ = {isa = PBXFileReference; lastKnownFileType = sourcecode.swift; path = DirectChatChannelView.swift; sourceTree = "<group>"; };
		97C0D8D82A9D337600580BEB /* CreateNewGroup.swift */ = {isa = PBXFileReference; lastKnownFileType = sourcecode.swift; path = CreateNewGroup.swift; sourceTree = "<group>"; };
		97C5D8642AB6427B002F6B8C /* Test.swift */ = {isa = PBXFileReference; lastKnownFileType = sourcecode.swift; path = Test.swift; sourceTree = "<group>"; };
		97E4600B2AAFAFED00B02EF9 /* ImagePicker.swift */ = {isa = PBXFileReference; fileEncoding = 4; lastKnownFileType = sourcecode.swift; path = ImagePicker.swift; sourceTree = "<group>"; };
		97E4600D2AB093C800B02EF9 /* FileManager-DocumentsDirectory.swift */ = {isa = PBXFileReference; fileEncoding = 4; lastKnownFileType = sourcecode.swift; path = "FileManager-DocumentsDirectory.swift"; sourceTree = "<group>"; };
		97EF649A2AD4079F00E739B0 /* User.swift */ = {isa = PBXFileReference; lastKnownFileType = sourcecode.swift; path = User.swift; sourceTree = "<group>"; };
		97EF649C2AD4081E00E739B0 /* GoogleSignInResult.swift */ = {isa = PBXFileReference; lastKnownFileType = sourcecode.swift; path = GoogleSignInResult.swift; sourceTree = "<group>"; };
		97EF64A02AD40A2800E739B0 /* AuthDataResultModel.swift */ = {isa = PBXFileReference; lastKnownFileType = sourcecode.swift; path = AuthDataResultModel.swift; sourceTree = "<group>"; };
		97EF64A22AD40A6400E739B0 /* AuthProviderOption.swift */ = {isa = PBXFileReference; lastKnownFileType = sourcecode.swift; path = AuthProviderOption.swift; sourceTree = "<group>"; };
		97EF64A42AD40B1C00E739B0 /* ForgotPasswordView.swift */ = {isa = PBXFileReference; lastKnownFileType = sourcecode.swift; path = ForgotPasswordView.swift; sourceTree = "<group>"; };
		97EF64A62AD40BBD00E739B0 /* LoginBackground.swift */ = {isa = PBXFileReference; lastKnownFileType = sourcecode.swift; path = LoginBackground.swift; sourceTree = "<group>"; };
		97EF64A82AD4309800E739B0 /* CreateNewGroupHeader.swift */ = {isa = PBXFileReference; lastKnownFileType = sourcecode.swift; path = CreateNewGroupHeader.swift; sourceTree = "<group>"; };
/* End PBXFileReference section */

/* Begin PBXFrameworksBuildPhase section */
		978114912A8A8F0700394DB7 /* Frameworks */ = {
			isa = PBXFrameworksBuildPhase;
			buildActionMask = 2147483647;
			files = (
				970EE9132AC33D0700E23BA2 /* FirebaseAnalyticsSwift in Frameworks */,
				970EE90F2AC33D0700E23BA2 /* FirebaseAnalytics in Frameworks */,
				970EE92B2AC33D0700E23BA2 /* FirebaseFirestoreSwift in Frameworks */,
				970EE9482AC33DB800E23BA2 /* GoogleSignInSwift in Frameworks */,
				978114AB2A8A8FB000394DB7 /* StreamChatSwiftUI in Frameworks */,
				970EE91B2AC33D0700E23BA2 /* FirebaseAuth in Frameworks */,
				970EE9272AC33D0700E23BA2 /* FirebaseFirestore in Frameworks */,
				970EE9462AC33DB800E23BA2 /* GoogleSignIn in Frameworks */,
			);
			runOnlyForDeploymentPostprocessing = 0;
		};
/* End PBXFrameworksBuildPhase section */

/* Begin PBXGroup section */
		970EE9492AC33DD500E23BA2 /* FireBase */ = {
			isa = PBXGroup;
			children = (
				97EF649E2AD4098100E739B0 /* Authentication */,
				97EF649F2AD409AA00E739B0 /* FireStore */,
			);
			path = FireBase;
			sourceTree = "<group>";
		};
		970EE9532AC3449E00E23BA2 /* Authentication */ = {
			isa = PBXGroup;
			children = (
				978114B82A8A901800394DB7 /* LoginView.swift */,
				970EE9582AC3453200E23BA2 /* SignInEmailViewModel.swift */,
				970EE9592AC3453200E23BA2 /* SignUpEmailView.swift */,
				970EE95A2AC3453200E23BA2 /* SignUpEmailViewModel.swift */,
				97EF64A42AD40B1C00E739B0 /* ForgotPasswordView.swift */,
			);
			path = Authentication;
			sourceTree = "<group>";
		};
		973382ED2A8FADA5003172E7 /* CustomChannelListComponents */ = {
			isa = PBXGroup;
			children = (
				978114C12A8A90B400394DB7 /* CustomChannelHeader.swift */,
				978114C32A8A90B400394DB7 /* ChannelListHeaderModifier.swift */,
				978114F62A8CD54F00394DB7 /* NoChannelsYet.swift */,
				978114F82A8CD75900394DB7 /* BackgroundView.swift */,
				978114FA2A8CD92F00394DB7 /* CustomListRowSeparator.swift */,
				978114FC2A8CDDD900394DB7 /* UserOnlineView.swift */,
				978114FE2A8CE0C500394DB7 /* VerticalPaddingViewModifier.swift */,
				978115042A8CE4FB00394DB7 /* EmptyPageView.swift */,
			);
			path = CustomChannelListComponents;
			sourceTree = "<group>";
		};
		973382EE2A8FADD6003172E7 /* CustomChatChannelComponents */ = {
			isa = PBXGroup;
			children = (
				973382EB2A8FAD9C003172E7 /* CustomChatChannelHeader.swift */,
				9718E6822AB75D81004A213C /* CustomChatChannelModifier.swift */,
				977FAA612AA1005C0003059C /* CustomComposerBackground.swift */,
				973382F52A901353003172E7 /* MessageListConfig.swift */,
			);
			path = CustomChatChannelComponents;
			sourceTree = "<group>";
		};
		9781148B2A8A8F0700394DB7 = {
			isa = PBXGroup;
			children = (
				978114962A8A8F0700394DB7 /* iChat */,
				978114952A8A8F0700394DB7 /* Products */,
			);
			sourceTree = "<group>";
		};
		978114952A8A8F0700394DB7 /* Products */ = {
			isa = PBXGroup;
			children = (
				978114942A8A8F0700394DB7 /* iChat.app */,
			);
			name = Products;
			sourceTree = "<group>";
		};
		978114962A8A8F0700394DB7 /* iChat */ = {
			isa = PBXGroup;
			children = (
				970EE94C2AC341F200E23BA2 /* Info.plist */,
				978114972A8A8F0700394DB7 /* iChatApp.swift */,
				978114C92A8A931100394DB7 /* AppDelegate.swift */,
				970EE9492AC33DD500E23BA2 /* FireBase */,
				978114A62A8A8F2C00394DB7 /* ViewModels */,
				978114A52A8A8F1C00394DB7 /* Views */,
				97E4600A2AAF8D4B00B02EF9 /* ViewFactory */,
				978114A72A8A8F3800394DB7 /* Resources */,
				9781149D2A8A8F0A00394DB7 /* Preview Content */,
				9781149B2A8A8F0A00394DB7 /* Assets.xcassets */,
				970EE94A2AC3419000E23BA2 /* GoogleService-Info.plist */,
			);
			path = iChat;
			sourceTree = "<group>";
		};
		9781149D2A8A8F0A00394DB7 /* Preview Content */ = {
			isa = PBXGroup;
			children = (
				9781149E2A8A8F0A00394DB7 /* Preview Assets.xcassets */,
			);
			path = "Preview Content";
			sourceTree = "<group>";
		};
		978114A52A8A8F1C00394DB7 /* Views */ = {
			isa = PBXGroup;
			children = (
				970EE9532AC3449E00E23BA2 /* Authentication */,
				978114B72A8A901800394DB7 /* RootView.swift */,
				978114992A8A8F0700394DB7 /* ContentView.swift */,
				978114B62A8A901800394DB7 /* ProfileView.swift */,
				97C0D8D02A99118200580BEB /* ChatChannelsListView.swift */,
				97B71CA22AB9CE68009C0FA4 /* SideMenuProfileView.swift */,
				973382F72A90F249003172E7 /* SearchUsersView.swift */,
				97C0D8D82A9D337600580BEB /* CreateNewGroup.swift */,
				978114BE2A8A90B400394DB7 /* Components */,
			);
			path = Views;
			sourceTree = "<group>";
		};
		978114A62A8A8F2C00394DB7 /* ViewModels */ = {
			isa = PBXGroup;
			children = (
				978114BC2A8A903D00394DB7 /* StreamViewModel.swift */,
				970EE95F2AC3464700E23BA2 /* AuthenticationViewModel.swift */,
				970EE9602AC3464800E23BA2 /* SettingsViewModel.swift */,
			);
			path = ViewModels;
			sourceTree = "<group>";
		};
		978114A72A8A8F3800394DB7 /* Resources */ = {
			isa = PBXGroup;
			children = (
				970EE9512AC3438400E23BA2 /* Utilities.swift */,
				978114AD2A8A8FDC00394DB7 /* Color-Theme.swift */,
				978114B02A8A8FDC00394DB7 /* Credentials.swift */,
				978114AE2A8A8FDC00394DB7 /* UIDesignHelperFunctions.swift */,
				973382EF2A8FD130003172E7 /* BackButtonDisplay.swift */,
				973382F92A9124EC003172E7 /* LastSeenMethod.swift */,
				97E4600B2AAFAFED00B02EF9 /* ImagePicker.swift */,
				97E4600D2AB093C800B02EF9 /* FileManager-DocumentsDirectory.swift */,
				97EF64A62AD40BBD00E739B0 /* LoginBackground.swift */,
				97C5D8642AB6427B002F6B8C /* Test.swift */,
			);
			path = Resources;
			sourceTree = "<group>";
		};
		978114BE2A8A90B400394DB7 /* Components */ = {
			isa = PBXGroup;
			children = (
				978114C02A8A90B400394DB7 /* SearchBar.swift */,
				978114C22A8A90B400394DB7 /* LoadingScreen.swift */,
				973382F32A8FE216003172E7 /* CircleImageModifier.swift */,
				97C0D8D42A9BA4E400580BEB /* DirectChatChannelView.swift */,
				977FAA5F2A9FB7FD0003059C /* NewGroupListView.swift */,
				97C0D8D22A9B4CDB00580BEB /* SearchResultsView.swift */,
				97EF64A82AD4309800E739B0 /* CreateNewGroupHeader.swift */,
			);
			path = Components;
			sourceTree = "<group>";
		};
		97E4600A2AAF8D4B00B02EF9 /* ViewFactory */ = {
			isa = PBXGroup;
			children = (
				978114AC2A8A8FDC00394DB7 /* CustomViewFactory.swift */,
				973382EE2A8FADD6003172E7 /* CustomChatChannelComponents */,
				973382ED2A8FADA5003172E7 /* CustomChannelListComponents */,
			);
			path = ViewFactory;
			sourceTree = "<group>";
		};
		97EF649E2AD4098100E739B0 /* Authentication */ = {
			isa = PBXGroup;
			children = (
				97EF64A02AD40A2800E739B0 /* AuthDataResultModel.swift */,
				97EF64A22AD40A6400E739B0 /* AuthProviderOption.swift */,
				970EE94E2AC3435900E23BA2 /* AuthenticationManager.swift */,
				970EE94D2AC3435800E23BA2 /* SignInWithGoogleHelper.swift */,
				97EF649C2AD4081E00E739B0 /* GoogleSignInResult.swift */,
			);
			path = Authentication;
			sourceTree = "<group>";
		};
		97EF649F2AD409AA00E739B0 /* FireStore */ = {
			isa = PBXGroup;
			children = (
				970EE9632AC3467A00E23BA2 /* UserManager.swift */,
				97EF649A2AD4079F00E739B0 /* User.swift */,
			);
			path = FireStore;
			sourceTree = "<group>";
		};
/* End PBXGroup section */

/* Begin PBXNativeTarget section */
		978114932A8A8F0700394DB7 /* iChat */ = {
			isa = PBXNativeTarget;
			buildConfigurationList = 978114A22A8A8F0A00394DB7 /* Build configuration list for PBXNativeTarget "iChat" */;
			buildPhases = (
				978114902A8A8F0700394DB7 /* Sources */,
				978114912A8A8F0700394DB7 /* Frameworks */,
				978114922A8A8F0700394DB7 /* Resources */,
			);
			buildRules = (
			);
			dependencies = (
			);
			name = iChat;
			packageProductDependencies = (
				978114AA2A8A8FB000394DB7 /* StreamChatSwiftUI */,
				970EE90E2AC33D0700E23BA2 /* FirebaseAnalytics */,
				970EE9122AC33D0700E23BA2 /* FirebaseAnalyticsSwift */,
				970EE91A2AC33D0700E23BA2 /* FirebaseAuth */,
				970EE9262AC33D0700E23BA2 /* FirebaseFirestore */,
				970EE92A2AC33D0700E23BA2 /* FirebaseFirestoreSwift */,
				970EE9452AC33DB800E23BA2 /* GoogleSignIn */,
				970EE9472AC33DB800E23BA2 /* GoogleSignInSwift */,
			);
			productName = MessengerApp;
			productReference = 978114942A8A8F0700394DB7 /* iChat.app */;
			productType = "com.apple.product-type.application";
		};
/* End PBXNativeTarget section */

/* Begin PBXProject section */
		9781148C2A8A8F0700394DB7 /* Project object */ = {
			isa = PBXProject;
			attributes = {
				BuildIndependentTargetsInParallel = 1;
				LastSwiftUpdateCheck = 1430;
				LastUpgradeCheck = 1500;
				TargetAttributes = {
					978114932A8A8F0700394DB7 = {
						CreatedOnToolsVersion = 14.3.1;
					};
				};
			};
			buildConfigurationList = 9781148F2A8A8F0700394DB7 /* Build configuration list for PBXProject "iChat" */;
			compatibilityVersion = "Xcode 14.0";
			developmentRegion = en;
			hasScannedForEncodings = 0;
			knownRegions = (
				en,
				Base,
			);
			mainGroup = 9781148B2A8A8F0700394DB7;
			packageReferences = (
				978114A92A8A8FB000394DB7 /* XCRemoteSwiftPackageReference "stream-chat-swiftui" */,
				970EE90D2AC33D0700E23BA2 /* XCRemoteSwiftPackageReference "firebase-ios-sdk" */,
				970EE9442AC33DB800E23BA2 /* XCRemoteSwiftPackageReference "GoogleSignIn-iOS" */,
			);
			productRefGroup = 978114952A8A8F0700394DB7 /* Products */;
			projectDirPath = "";
			projectRoot = "";
			targets = (
				978114932A8A8F0700394DB7 /* iChat */,
			);
		};
/* End PBXProject section */

/* Begin PBXResourcesBuildPhase section */
		978114922A8A8F0700394DB7 /* Resources */ = {
			isa = PBXResourcesBuildPhase;
			buildActionMask = 2147483647;
			files = (
				970EE94B2AC3419000E23BA2 /* GoogleService-Info.plist in Resources */,
				9781149F2A8A8F0A00394DB7 /* Preview Assets.xcassets in Resources */,
				9781149C2A8A8F0A00394DB7 /* Assets.xcassets in Resources */,
			);
			runOnlyForDeploymentPostprocessing = 0;
		};
/* End PBXResourcesBuildPhase section */

/* Begin PBXSourcesBuildPhase section */
		978114902A8A8F0700394DB7 /* Sources */ = {
			isa = PBXSourcesBuildPhase;
			buildActionMask = 2147483647;
			files = (
				978114C52A8A90B400394DB7 /* SearchBar.swift in Sources */,
				97E4600E2AB093C800B02EF9 /* FileManager-DocumentsDirectory.swift in Sources */,
				973382F02A8FD130003172E7 /* BackButtonDisplay.swift in Sources */,
				978114B92A8A901800394DB7 /* ProfileView.swift in Sources */,
				97E4600C2AAFAFED00B02EF9 /* ImagePicker.swift in Sources */,
				977FAA602A9FB7FD0003059C /* NewGroupListView.swift in Sources */,
				978115052A8CE4FB00394DB7 /* EmptyPageView.swift in Sources */,
				9781149A2A8A8F0700394DB7 /* ContentView.swift in Sources */,
				970EE9522AC3438400E23BA2 /* Utilities.swift in Sources */,
				970EE94F2AC3435900E23BA2 /* SignInWithGoogleHelper.swift in Sources */,
				9718E6832AB75D81004A213C /* CustomChatChannelModifier.swift in Sources */,
				978114B52A8A8FDC00394DB7 /* Credentials.swift in Sources */,
				978114BD2A8A903D00394DB7 /* StreamViewModel.swift in Sources */,
				978114C72A8A90B400394DB7 /* LoadingScreen.swift in Sources */,
				978114F72A8CD54F00394DB7 /* NoChannelsYet.swift in Sources */,
				97C0D8D92A9D337600580BEB /* CreateNewGroup.swift in Sources */,
				970EE95E2AC3453200E23BA2 /* SignUpEmailViewModel.swift in Sources */,
				973382F82A90F24A003172E7 /* SearchUsersView.swift in Sources */,
				978114C82A8A90B400394DB7 /* ChannelListHeaderModifier.swift in Sources */,
				978114982A8A8F0700394DB7 /* iChatApp.swift in Sources */,
				97EF649B2AD4079F00E739B0 /* User.swift in Sources */,
				973382FA2A9124EC003172E7 /* LastSeenMethod.swift in Sources */,
				978114FF2A8CE0C500394DB7 /* VerticalPaddingViewModifier.swift in Sources */,
				970EE9642AC3467A00E23BA2 /* UserManager.swift in Sources */,
				97EF64A32AD40A6400E739B0 /* AuthProviderOption.swift in Sources */,
				97EF64A12AD40A2800E739B0 /* AuthDataResultModel.swift in Sources */,
				978114C62A8A90B400394DB7 /* CustomChannelHeader.swift in Sources */,
				978114BA2A8A901800394DB7 /* RootView.swift in Sources */,
				970EE9612AC3464800E23BA2 /* AuthenticationViewModel.swift in Sources */,
				978114B12A8A8FDC00394DB7 /* CustomViewFactory.swift in Sources */,
				978114FD2A8CDDD900394DB7 /* UserOnlineView.swift in Sources */,
				978114B32A8A8FDC00394DB7 /* UIDesignHelperFunctions.swift in Sources */,
				97EF649D2AD4081E00E739B0 /* GoogleSignInResult.swift in Sources */,
				97C0D8D32A9B4CDB00580BEB /* SearchResultsView.swift in Sources */,
				97EF64A52AD40B1C00E739B0 /* ForgotPasswordView.swift in Sources */,
				973382F42A8FE216003172E7 /* CircleImageModifier.swift in Sources */,
				970EE95C2AC3453200E23BA2 /* SignInEmailViewModel.swift in Sources */,
				97EF64A92AD4309800E739B0 /* CreateNewGroupHeader.swift in Sources */,
				97B71CA32AB9CE68009C0FA4 /* SideMenuProfileView.swift in Sources */,
				978114FB2A8CD92F00394DB7 /* CustomListRowSeparator.swift in Sources */,
				973382F62A901353003172E7 /* MessageListConfig.swift in Sources */,
				973382EC2A8FAD9D003172E7 /* CustomChatChannelHeader.swift in Sources */,
				978114BB2A8A901800394DB7 /* LoginView.swift in Sources */,
				97C5D8652AB6427B002F6B8C /* Test.swift in Sources */,
				970EE9502AC3435900E23BA2 /* AuthenticationManager.swift in Sources */,
				978114CA2A8A931100394DB7 /* AppDelegate.swift in Sources */,
				977FAA622AA1005C0003059C /* CustomComposerBackground.swift in Sources */,
				97C0D8D12A99118200580BEB /* ChatChannelsListView.swift in Sources */,
				97C0D8D52A9BA4E400580BEB /* DirectChatChannelView.swift in Sources */,
				970EE95D2AC3453200E23BA2 /* SignUpEmailView.swift in Sources */,
				978114F92A8CD75900394DB7 /* BackgroundView.swift in Sources */,
				978114B22A8A8FDC00394DB7 /* Color-Theme.swift in Sources */,
				970EE9622AC3464800E23BA2 /* SettingsViewModel.swift in Sources */,
				97EF64A72AD40BBD00E739B0 /* LoginBackground.swift in Sources */,
			);
			runOnlyForDeploymentPostprocessing = 0;
		};
/* End PBXSourcesBuildPhase section */

/* Begin XCBuildConfiguration section */
		978114A02A8A8F0A00394DB7 /* Debug */ = {
			isa = XCBuildConfiguration;
			buildSettings = {
				ALWAYS_SEARCH_USER_PATHS = NO;
				ASSETCATALOG_COMPILER_GENERATE_SWIFT_ASSET_SYMBOL_EXTENSIONS = YES;
				CLANG_ANALYZER_NONNULL = YES;
				CLANG_ANALYZER_NUMBER_OBJECT_CONVERSION = YES_AGGRESSIVE;
				CLANG_CXX_LANGUAGE_STANDARD = "gnu++20";
				CLANG_ENABLE_MODULES = YES;
				CLANG_ENABLE_OBJC_ARC = YES;
				CLANG_ENABLE_OBJC_WEAK = YES;
				CLANG_WARN_BLOCK_CAPTURE_AUTORELEASING = YES;
				CLANG_WARN_BOOL_CONVERSION = YES;
				CLANG_WARN_COMMA = YES;
				CLANG_WARN_CONSTANT_CONVERSION = YES;
				CLANG_WARN_DEPRECATED_OBJC_IMPLEMENTATIONS = YES;
				CLANG_WARN_DIRECT_OBJC_ISA_USAGE = YES_ERROR;
				CLANG_WARN_DOCUMENTATION_COMMENTS = YES;
				CLANG_WARN_EMPTY_BODY = YES;
				CLANG_WARN_ENUM_CONVERSION = YES;
				CLANG_WARN_INFINITE_RECURSION = YES;
				CLANG_WARN_INT_CONVERSION = YES;
				CLANG_WARN_NON_LITERAL_NULL_CONVERSION = YES;
				CLANG_WARN_OBJC_IMPLICIT_RETAIN_SELF = YES;
				CLANG_WARN_OBJC_LITERAL_CONVERSION = YES;
				CLANG_WARN_OBJC_ROOT_CLASS = YES_ERROR;
				CLANG_WARN_QUOTED_INCLUDE_IN_FRAMEWORK_HEADER = YES;
				CLANG_WARN_RANGE_LOOP_ANALYSIS = YES;
				CLANG_WARN_STRICT_PROTOTYPES = YES;
				CLANG_WARN_SUSPICIOUS_MOVE = YES;
				CLANG_WARN_UNGUARDED_AVAILABILITY = YES_AGGRESSIVE;
				CLANG_WARN_UNREACHABLE_CODE = YES;
				CLANG_WARN__DUPLICATE_METHOD_MATCH = YES;
				COPY_PHASE_STRIP = NO;
				DEBUG_INFORMATION_FORMAT = dwarf;
				ENABLE_STRICT_OBJC_MSGSEND = YES;
				ENABLE_TESTABILITY = YES;
				ENABLE_USER_SCRIPT_SANDBOXING = YES;
				GCC_C_LANGUAGE_STANDARD = gnu11;
				GCC_DYNAMIC_NO_PIC = NO;
				GCC_NO_COMMON_BLOCKS = YES;
				GCC_OPTIMIZATION_LEVEL = 0;
				GCC_PREPROCESSOR_DEFINITIONS = (
					"DEBUG=1",
					"$(inherited)",
				);
				GCC_WARN_64_TO_32_BIT_CONVERSION = YES;
				GCC_WARN_ABOUT_RETURN_TYPE = YES_ERROR;
				GCC_WARN_UNDECLARED_SELECTOR = YES;
				GCC_WARN_UNINITIALIZED_AUTOS = YES_AGGRESSIVE;
				GCC_WARN_UNUSED_FUNCTION = YES;
				GCC_WARN_UNUSED_VARIABLE = YES;
				IPHONEOS_DEPLOYMENT_TARGET = 16.4;
				MTL_ENABLE_DEBUG_INFO = INCLUDE_SOURCE;
				MTL_FAST_MATH = YES;
				ONLY_ACTIVE_ARCH = YES;
				SDKROOT = iphoneos;
				SWIFT_ACTIVE_COMPILATION_CONDITIONS = DEBUG;
				SWIFT_OPTIMIZATION_LEVEL = "-Onone";
			};
			name = Debug;
		};
		978114A12A8A8F0A00394DB7 /* Release */ = {
			isa = XCBuildConfiguration;
			buildSettings = {
				ALWAYS_SEARCH_USER_PATHS = NO;
				ASSETCATALOG_COMPILER_GENERATE_SWIFT_ASSET_SYMBOL_EXTENSIONS = YES;
				CLANG_ANALYZER_NONNULL = YES;
				CLANG_ANALYZER_NUMBER_OBJECT_CONVERSION = YES_AGGRESSIVE;
				CLANG_CXX_LANGUAGE_STANDARD = "gnu++20";
				CLANG_ENABLE_MODULES = YES;
				CLANG_ENABLE_OBJC_ARC = YES;
				CLANG_ENABLE_OBJC_WEAK = YES;
				CLANG_WARN_BLOCK_CAPTURE_AUTORELEASING = YES;
				CLANG_WARN_BOOL_CONVERSION = YES;
				CLANG_WARN_COMMA = YES;
				CLANG_WARN_CONSTANT_CONVERSION = YES;
				CLANG_WARN_DEPRECATED_OBJC_IMPLEMENTATIONS = YES;
				CLANG_WARN_DIRECT_OBJC_ISA_USAGE = YES_ERROR;
				CLANG_WARN_DOCUMENTATION_COMMENTS = YES;
				CLANG_WARN_EMPTY_BODY = YES;
				CLANG_WARN_ENUM_CONVERSION = YES;
				CLANG_WARN_INFINITE_RECURSION = YES;
				CLANG_WARN_INT_CONVERSION = YES;
				CLANG_WARN_NON_LITERAL_NULL_CONVERSION = YES;
				CLANG_WARN_OBJC_IMPLICIT_RETAIN_SELF = YES;
				CLANG_WARN_OBJC_LITERAL_CONVERSION = YES;
				CLANG_WARN_OBJC_ROOT_CLASS = YES_ERROR;
				CLANG_WARN_QUOTED_INCLUDE_IN_FRAMEWORK_HEADER = YES;
				CLANG_WARN_RANGE_LOOP_ANALYSIS = YES;
				CLANG_WARN_STRICT_PROTOTYPES = YES;
				CLANG_WARN_SUSPICIOUS_MOVE = YES;
				CLANG_WARN_UNGUARDED_AVAILABILITY = YES_AGGRESSIVE;
				CLANG_WARN_UNREACHABLE_CODE = YES;
				CLANG_WARN__DUPLICATE_METHOD_MATCH = YES;
				COPY_PHASE_STRIP = NO;
				DEBUG_INFORMATION_FORMAT = "dwarf-with-dsym";
				ENABLE_NS_ASSERTIONS = NO;
				ENABLE_STRICT_OBJC_MSGSEND = YES;
				ENABLE_USER_SCRIPT_SANDBOXING = YES;
				GCC_C_LANGUAGE_STANDARD = gnu11;
				GCC_NO_COMMON_BLOCKS = YES;
				GCC_WARN_64_TO_32_BIT_CONVERSION = YES;
				GCC_WARN_ABOUT_RETURN_TYPE = YES_ERROR;
				GCC_WARN_UNDECLARED_SELECTOR = YES;
				GCC_WARN_UNINITIALIZED_AUTOS = YES_AGGRESSIVE;
				GCC_WARN_UNUSED_FUNCTION = YES;
				GCC_WARN_UNUSED_VARIABLE = YES;
				IPHONEOS_DEPLOYMENT_TARGET = 16.4;
				MTL_ENABLE_DEBUG_INFO = NO;
				MTL_FAST_MATH = YES;
				SDKROOT = iphoneos;
				SWIFT_COMPILATION_MODE = wholemodule;
				SWIFT_OPTIMIZATION_LEVEL = "-O";
				VALIDATE_PRODUCT = YES;
			};
			name = Release;
		};
		978114A32A8A8F0A00394DB7 /* Debug */ = {
			isa = XCBuildConfiguration;
			buildSettings = {
				ASSETCATALOG_COMPILER_APPICON_NAME = AppIcon;
				ASSETCATALOG_COMPILER_GLOBAL_ACCENT_COLOR_NAME = AccentColor;
				CODE_SIGN_STYLE = Automatic;
				CURRENT_PROJECT_VERSION = 1;
				DEVELOPMENT_ASSET_PATHS = "\"iChat/Preview Content\"";
				DEVELOPMENT_TEAM = 5H48BX5PSY;
				ENABLE_PREVIEWS = YES;
				GENERATE_INFOPLIST_FILE = YES;
				INFOPLIST_FILE = iChat/Info.plist;
				INFOPLIST_KEY_CFBundleDisplayName = iChat;
				INFOPLIST_KEY_NSCameraUsageDescription = "MessengerApp camera use";
				INFOPLIST_KEY_NSPhotoLibraryUsageDescription = "MessengerApp photo use";
				INFOPLIST_KEY_UIApplicationSceneManifest_Generation = YES;
				INFOPLIST_KEY_UIApplicationSupportsIndirectInputEvents = YES;
				INFOPLIST_KEY_UILaunchScreen_Generation = YES;
				INFOPLIST_KEY_UISupportedInterfaceOrientations = UIInterfaceOrientationPortrait;
				INFOPLIST_KEY_UISupportedInterfaceOrientations_iPad = "UIInterfaceOrientationLandscapeLeft UIInterfaceOrientationLandscapeRight UIInterfaceOrientationPortrait UIInterfaceOrientationPortraitUpsideDown";
				IPHONEOS_DEPLOYMENT_TARGET = 16.4;
				LD_RUNPATH_SEARCH_PATHS = (
					"$(inherited)",
					"@executable_path/Frameworks",
				);
				MARKETING_VERSION = 1.0;
				PRODUCT_BUNDLE_IDENTIFIER = me.Salah.Azoz.iChat;
				PRODUCT_NAME = iChat;
				SUPPORTED_PLATFORMS = "iphoneos iphonesimulator";
				SUPPORTS_MACCATALYST = NO;
				SUPPORTS_MAC_DESIGNED_FOR_IPHONE_IPAD = NO;
				SWIFT_EMIT_LOC_STRINGS = YES;
				SWIFT_VERSION = 5.0;
				TARGETED_DEVICE_FAMILY = 1;
			};
			name = Debug;
		};
		978114A42A8A8F0A00394DB7 /* Release */ = {
			isa = XCBuildConfiguration;
			buildSettings = {
				ASSETCATALOG_COMPILER_APPICON_NAME = AppIcon;
				ASSETCATALOG_COMPILER_GLOBAL_ACCENT_COLOR_NAME = AccentColor;
				CODE_SIGN_STYLE = Automatic;
				CURRENT_PROJECT_VERSION = 1;
				DEVELOPMENT_ASSET_PATHS = "\"iChat/Preview Content\"";
				DEVELOPMENT_TEAM = 5H48BX5PSY;
				ENABLE_PREVIEWS = YES;
				GENERATE_INFOPLIST_FILE = YES;
				INFOPLIST_FILE = iChat/Info.plist;
				INFOPLIST_KEY_CFBundleDisplayName = iChat;
				INFOPLIST_KEY_NSCameraUsageDescription = "MessengerApp camera use";
				INFOPLIST_KEY_NSPhotoLibraryUsageDescription = "MessengerApp photo use";
				INFOPLIST_KEY_UIApplicationSceneManifest_Generation = YES;
				INFOPLIST_KEY_UIApplicationSupportsIndirectInputEvents = YES;
				INFOPLIST_KEY_UILaunchScreen_Generation = YES;
				INFOPLIST_KEY_UISupportedInterfaceOrientations = UIInterfaceOrientationPortrait;
				INFOPLIST_KEY_UISupportedInterfaceOrientations_iPad = "UIInterfaceOrientationLandscapeLeft UIInterfaceOrientationLandscapeRight UIInterfaceOrientationPortrait UIInterfaceOrientationPortraitUpsideDown";
				IPHONEOS_DEPLOYMENT_TARGET = 16.4;
				LD_RUNPATH_SEARCH_PATHS = (
					"$(inherited)",
					"@executable_path/Frameworks",
				);
				MARKETING_VERSION = 1.0;
				PRODUCT_BUNDLE_IDENTIFIER = me.Salah.Azoz.iChat;
				PRODUCT_NAME = iChat;
				SUPPORTED_PLATFORMS = "iphoneos iphonesimulator";
				SUPPORTS_MACCATALYST = NO;
				SUPPORTS_MAC_DESIGNED_FOR_IPHONE_IPAD = NO;
				SWIFT_EMIT_LOC_STRINGS = YES;
				SWIFT_VERSION = 5.0;
				TARGETED_DEVICE_FAMILY = 1;
			};
			name = Release;
		};
/* End XCBuildConfiguration section */

/* Begin XCConfigurationList section */
		9781148F2A8A8F0700394DB7 /* Build configuration list for PBXProject "iChat" */ = {
			isa = XCConfigurationList;
			buildConfigurations = (
				978114A02A8A8F0A00394DB7 /* Debug */,
				978114A12A8A8F0A00394DB7 /* Release */,
			);
			defaultConfigurationIsVisible = 0;
			defaultConfigurationName = Release;
		};
		978114A22A8A8F0A00394DB7 /* Build configuration list for PBXNativeTarget "iChat" */ = {
			isa = XCConfigurationList;
			buildConfigurations = (
				978114A32A8A8F0A00394DB7 /* Debug */,
				978114A42A8A8F0A00394DB7 /* Release */,
			);
			defaultConfigurationIsVisible = 0;
			defaultConfigurationName = Release;
		};
/* End XCConfigurationList section */

/* Begin XCRemoteSwiftPackageReference section */
		970EE90D2AC33D0700E23BA2 /* XCRemoteSwiftPackageReference "firebase-ios-sdk" */ = {
			isa = XCRemoteSwiftPackageReference;
			repositoryURL = "https://github.com/firebase/firebase-ios-sdk";
			requirement = {
				kind = upToNextMajorVersion;
				minimumVersion = 10.15.0;
			};
		};
		970EE9442AC33DB800E23BA2 /* XCRemoteSwiftPackageReference "GoogleSignIn-iOS" */ = {
			isa = XCRemoteSwiftPackageReference;
			repositoryURL = "https://github.com/google/GoogleSignIn-iOS.git";
			requirement = {
				kind = upToNextMajorVersion;
				minimumVersion = 7.0.0;
			};
		};
		978114A92A8A8FB000394DB7 /* XCRemoteSwiftPackageReference "stream-chat-swiftui" */ = {
			isa = XCRemoteSwiftPackageReference;
			repositoryURL = "https://github.com/GetStream/stream-chat-swiftui.git";
			requirement = {
				kind = upToNextMajorVersion;
				minimumVersion = 4.0.0;
			};
		};
/* End XCRemoteSwiftPackageReference section */

/* Begin XCSwiftPackageProductDependency section */
		970EE90E2AC33D0700E23BA2 /* FirebaseAnalytics */ = {
			isa = XCSwiftPackageProductDependency;
			package = 970EE90D2AC33D0700E23BA2 /* XCRemoteSwiftPackageReference "firebase-ios-sdk" */;
			productName = FirebaseAnalytics;
		};
		970EE9122AC33D0700E23BA2 /* FirebaseAnalyticsSwift */ = {
			isa = XCSwiftPackageProductDependency;
			package = 970EE90D2AC33D0700E23BA2 /* XCRemoteSwiftPackageReference "firebase-ios-sdk" */;
			productName = FirebaseAnalyticsSwift;
		};
		970EE91A2AC33D0700E23BA2 /* FirebaseAuth */ = {
			isa = XCSwiftPackageProductDependency;
			package = 970EE90D2AC33D0700E23BA2 /* XCRemoteSwiftPackageReference "firebase-ios-sdk" */;
			productName = FirebaseAuth;
		};
		970EE9262AC33D0700E23BA2 /* FirebaseFirestore */ = {
			isa = XCSwiftPackageProductDependency;
			package = 970EE90D2AC33D0700E23BA2 /* XCRemoteSwiftPackageReference "firebase-ios-sdk" */;
			productName = FirebaseFirestore;
		};
		970EE92A2AC33D0700E23BA2 /* FirebaseFirestoreSwift */ = {
			isa = XCSwiftPackageProductDependency;
			package = 970EE90D2AC33D0700E23BA2 /* XCRemoteSwiftPackageReference "firebase-ios-sdk" */;
			productName = FirebaseFirestoreSwift;
		};
		970EE9452AC33DB800E23BA2 /* GoogleSignIn */ = {
			isa = XCSwiftPackageProductDependency;
			package = 970EE9442AC33DB800E23BA2 /* XCRemoteSwiftPackageReference "GoogleSignIn-iOS" */;
			productName = GoogleSignIn;
		};
		970EE9472AC33DB800E23BA2 /* GoogleSignInSwift */ = {
			isa = XCSwiftPackageProductDependency;
			package = 970EE9442AC33DB800E23BA2 /* XCRemoteSwiftPackageReference "GoogleSignIn-iOS" */;
			productName = GoogleSignInSwift;
		};
		978114AA2A8A8FB000394DB7 /* StreamChatSwiftUI */ = {
			isa = XCSwiftPackageProductDependency;
			package = 978114A92A8A8FB000394DB7 /* XCRemoteSwiftPackageReference "stream-chat-swiftui" */;
			productName = StreamChatSwiftUI;
		};
/* End XCSwiftPackageProductDependency section */
	};
	rootObject = 9781148C2A8A8F0700394DB7 /* Project object */;
}
